# THIS IS AN AUTOGENERATED FILE. DO NOT EDIT THIS FILE DIRECTLY.
# yarn lockfile v1


"@emotion/hash@^0.8.0":
  "integrity" "sha512-kBJtf7PH6aWwZ6fka3zQ0p6SBYzx4fl1LoZXE2RrnYST9Xljm7WfKJrU4g/Xr3Beg72MLrp1AWNUmuYJTL7Cow=="
  "resolved" "https://registry.npmjs.org/@emotion/hash/-/hash-0.8.0.tgz"
  "version" "0.8.0"

"@emotion/memoize@^0.7.4":
  "integrity" "sha512-igX9a37DR2ZPGYtV6suZ6whr8pTFtyHL3K/oLUotxpSVO2ASaprmAe2Dkq7tBo7CRY7MMDrAa9nuQP9/YG8FxQ=="
  "resolved" "https://registry.npmjs.org/@emotion/memoize/-/memoize-0.7.5.tgz"
  "version" "0.7.5"

"@emotion/serialize@^1.0.0":
  "integrity" "sha512-95MgNJ9+/ajxU7QIAruiOAdYNjxZX7G2mhgrtDWswA21VviYIRP1R5QilZ/bDY42xiKsaktP4egJb3QdYQZi1A=="
  "resolved" "https://registry.npmjs.org/@emotion/serialize/-/serialize-1.0.2.tgz"
  "version" "1.0.2"
  dependencies:
    "@emotion/hash" "^0.8.0"
    "@emotion/memoize" "^0.7.4"
    "@emotion/unitless" "^0.7.5"
    "@emotion/utils" "^1.0.0"
    "csstype" "^3.0.2"

"@emotion/unitless@^0.7.5":
  "integrity" "sha512-OWORNpfjMsSSUBVrRBVGECkhWcULOAJz9ZW8uK9qgxD+87M7jHRcvh/A96XXNhXTLmKcoYSQtBEX7lHMO7YRwg=="
  "resolved" "https://registry.npmjs.org/@emotion/unitless/-/unitless-0.7.5.tgz"
  "version" "0.7.5"

"@emotion/utils@^1.0.0":
  "integrity" "sha512-mQC2b3XLDs6QCW+pDQDiyO/EdGZYOygE8s5N5rrzjSI4M3IejPE/JPndCBwRT9z982aqQNi6beWs1UeayrQxxA=="
  "resolved" "https://registry.npmjs.org/@emotion/utils/-/utils-1.0.0.tgz"
  "version" "1.0.0"

"@types/material-ui@*":
  "integrity" "sha512-Rsx3tRNoYkidDKfMfh+cegtOHMl73akzKnQ5pzxTrbx5oaUXLtG6YVlvtS43uebOSTDf8GQNaseB52r3zVagEg=="
  "resolved" "https://registry.npmjs.org/@types/material-ui/-/material-ui-0.21.8.tgz"
  "version" "0.21.8"
  dependencies:
    "@types/react" "*"
    "@types/react-addons-linked-state-mixin" "*"

"@types/prop-types@*":
  "integrity" "sha512-KfRL3PuHmqQLOG+2tGpRO26Ctg+Cq1E01D2DMriKEATHgWLfeNDmq9e29Q9WIky0dQ3NPkd1mzYH8Lm936Z9qw=="
  "resolved" "https://registry.npmjs.org/@types/prop-types/-/prop-types-15.7.3.tgz"
  "version" "15.7.3"

"@types/react-addons-linked-state-mixin@*":
  "integrity" "sha512-3UF7Szd3JyuU+z90kqu8L4VdDWp7SUC0eRjV2QmMEliaHODGLi5XyO5ctS50K/lG6fjC0dSAPVbvnqv0nPoGMQ=="
  "resolved" "https://registry.npmjs.org/@types/react-addons-linked-state-mixin/-/react-addons-linked-state-mixin-0.14.21.tgz"
  "version" "0.14.21"
  dependencies:
    "@types/react" "*"

"@types/react-dom@*":
  "integrity" "sha512-wIvGxLfgpVDSAMH5utdL9Ngm5Owu0VsGmldro3ORLXV8CShrL8awVj06NuEXFQ5xyaYfdca7Sgbk/50Ri1GdPg=="
  "resolved" "https://registry.npmjs.org/@types/react-dom/-/react-dom-17.0.9.tgz"
  "version" "17.0.9"
  dependencies:
    "@types/react" "*"

"@types/react-material-ui-form-validator@^2.1.0":
  "integrity" "sha512-izwjulCvMsN01H8oF8X1IN7QDMHeaGmjYoAxL/cmlUJLtFH0BLLUNmlmZERrjNM+MOJAXUaOkwoCqOHlCtqCzQ=="
  "resolved" "https://registry.npmjs.org/@types/react-material-ui-form-validator/-/react-material-ui-form-validator-2.1.0.tgz"
  "version" "2.1.0"
  dependencies:
    "@types/material-ui" "*"
    "@types/react" "*"

"@types/react-select-country-list@^2.2.0":
  "integrity" "sha512-VECRojGGvbnkhXZUYmMS+AiGe5O/jzVpD5BXXlOC532qJCGNAJ+Pgm6ka9rEz7qi12v26/GwnyqrNn51IMdrZg=="
  "resolved" "https://registry.npmjs.org/@types/react-select-country-list/-/react-select-country-list-2.2.0.tgz"
  "version" "2.2.0"

"@types/react-select@^4.0.17":
  "integrity" "sha512-ZK5wcBhJaqC8ntQl0CJvK2KXNNsk1k5flM7jO+vNPPlceRzdJQazA6zTtQUyNr6exp5yrAiwiudtYxgGlgGHLg=="
  "resolved" "https://registry.npmjs.org/@types/react-select/-/react-select-4.0.17.tgz"
  "version" "4.0.17"
  dependencies:
    "@emotion/serialize" "^1.0.0"
    "@types/react" "*"
    "@types/react-dom" "*"
    "@types/react-transition-group" "*"

"@types/react-transition-group@*":
  "integrity" "sha512-KibDWL6nshuOJ0fu8ll7QnV/LVTo3PzQ9aCPnRUYPfX7eZohHwLIdNHj7pftanREzHNP4/nJa8oeM73uSiavMQ=="
  "resolved" "https://registry.npmjs.org/@types/react-transition-group/-/react-transition-group-4.4.2.tgz"
  "version" "4.4.2"
  dependencies:
    "@types/react" "*"

"@types/react@*":
  "integrity" "sha512-D/G3PiuqTfE3IMNjLn/DCp6umjVCSvtZTPdtAFy5+Ved6CsdRvivfKeCzw79W4AatShtU4nGqgvOv5Gro534vQ=="
  "resolved" "https://registry.npmjs.org/@types/react/-/react-17.0.13.tgz"
  "version" "17.0.13"
  dependencies:
    "@types/prop-types" "*"
    "@types/scheduler" "*"
    "csstype" "^3.0.2"

"@types/scheduler@*":
  "integrity" "sha512-EaCxbanVeyxDRTQBkdLb3Bvl/HK7PBK6UJjsSixB0iHKoWxE5uu2Q/DgtpOhPIojN0Zl1whvOd7PoHs2P0s5eA=="
  "resolved" "https://registry.npmjs.org/@types/scheduler/-/scheduler-0.16.1.tgz"
  "version" "0.16.1"

"csstype@^3.0.2":
  "integrity" "sha512-jXKhWqXPmlUeoQnF/EhTtTl4C9SnrxSH/jZUih3jmO6lBKr99rP3/+FmrMj4EFpOXzMtXHAZkd3x0E6h6Fgflw=="
  "resolved" "https://registry.npmjs.org/csstype/-/csstype-3.0.8.tgz"
  "version" "3.0.8"
